
Microsoft Visual Studio Solution File, Format Version 12.00
# Visual Studio Version 17
VisualStudioVersion = 17.5.33424.131
MinimumVisualStudioVersion = 10.0.40219.1
Project("{FAE04EC0-301F-11D3-BF4B-00C04F79EFBC}") = "ArticleDetector", "ArticleDetector\ArticleDetector.csproj", "{49566A42-8271-4887-B0F5-71A69708D564}"
EndProject
Global
	GlobalSection(SolutionConfigurationPlatforms) = preSolution
		Debug|Any CPU = Debug|Any CPU
		Release|Any CPU = Release|Any CPU
	EndGlobalSection
	GlobalSection(ProjectConfigurationPlatforms) = postSolution
		{49566A42-8271-4887-B0F5-71A69708D564}.Debug|Any CPU.ActiveCfg = Debug|Any CPU
		{49566A42-8271-4887-B0F5-71A69708D564}.Debug|Any CPU.Build.0 = Debug|Any CPU
		{49566A42-8271-4887-B0F5-71A69708D564}.Release|Any CPU.ActiveCfg = Release|Any CPU
		{49566A42-8271-4887-B0F5-71A69708D564}.Release|Any CPU.Build.0 = Release|Any CPU
	EndGlobalSection
	GlobalSection(SolutionProperties) = preSolution
		HideSolutionNode = FALSE
	EndGlobalSection
	GlobalSection(ExtensibilityGlobals) = postSolution
		SolutionGuid = {3405F295-4C44-4618-ADB0-9C7B4B9268F7}
	EndGlobalSection
EndGlobal
